
Microsoft Visual Studio Solution File, Format Version 12.00
# Visual Studio Version 16
VisualStudioVersion = 16.0.31005.135
MinimumVisualStudioVersion = 10.0.40219.1
Project("{9A19103F-16F7-4668-BE54-9A1E7A4F7556}") = "CampIntro", "CampIntro\CampIntro.csproj", "{45092CB8-5451-4DAE-A69C-C9A7CA51394C}"
EndProject
Project("{9A19103F-16F7-4668-BE54-9A1E7A4F7556}") = "Cycles", "Cycles\Cycles.csproj", "{1F735786-AFAE-4017-B059-1B998E320B77}"
EndProject
Project("{9A19103F-16F7-4668-BE54-9A1E7A4F7556}") = "ClassIntro", "ClassIntro\ClassIntro.csproj", "{E8FEDC3B-4C1C-4ED9-896E-2E9C4FA90BB5}"
EndProject
Project("{9A19103F-16F7-4668-BE54-9A1E7A4F7556}") = "Methods", "Methods\Methods.csproj", "{BADC793D-B5FB-4971-84A2-E69D4581D301}"
EndProject
Project("{9A19103F-16F7-4668-BE54-9A1E7A4F7556}") = "Mathematics", "Mathematics\Mathematics.csproj", "{284A81C8-DE6A-4660-B04B-B12A6BE17DBA}"
EndProject
Project("{9A19103F-16F7-4668-BE54-9A1E7A4F7556}") = "ValueAndReferenceTypes", "ValueAndReferenceTypes\ValueAndReferenceTypes.csproj", "{7B5B934D-5D61-43AA-B676-5B162E6A3250}"
EndProject
Project("{9A19103F-16F7-4668-BE54-9A1E7A4F7556}") = "ClassMethodDemo", "ClassMethodDemo\ClassMethodDemo.csproj", "{51C3C14F-3346-477C-842D-08E0FDEE7B88}"
EndProject
Project("{9A19103F-16F7-4668-BE54-9A1E7A4F7556}") = "OOP1", "OOP1\OOP1.csproj", "{E0C43BA4-F09F-4C6F-9499-14869EF6DA79}"
EndProject
Project("{9A19103F-16F7-4668-BE54-9A1E7A4F7556}") = "Collections", "Collections\Collections.csproj", "{76BF97E3-77C1-48B1-819B-C46C00800F6A}"
EndProject
Project("{9A19103F-16F7-4668-BE54-9A1E7A4F7556}") = "GenericsIntro", "GenericsIntro\GenericsIntro.csproj", "{1A9F4E27-AB3F-4AD6-9162-1840B419DEE3}"
EndProject
Project("{9A19103F-16F7-4668-BE54-9A1E7A4F7556}") = "DictionaryDemo", "DictionaryDemo\DictionaryDemo.csproj", "{F60F8A28-0915-475F-81CC-15E745240594}"
EndProject
Project("{9A19103F-16F7-4668-BE54-9A1E7A4F7556}") = "Constructors", "Constructors\Constructors.csproj", "{FAE3E283-7759-412F-9177-AC4C40006ED4}"
EndProject
Project("{9A19103F-16F7-4668-BE54-9A1E7A4F7556}") = "OOP2", "OOP2\OOP2.csproj", "{6620B9AB-E40D-4A85-ACAB-7258D4B17204}"
EndProject
Project("{9A19103F-16F7-4668-BE54-9A1E7A4F7556}") = "OOP3", "OOP3\OOP3.csproj", "{615B90A9-C813-4BC8-86C5-6EA2317C8F42}"
EndProject
Project("{FAE04EC0-301F-11D3-BF4B-00C04F79EFBC}") = "ClassRecapDemo", "ClassRecapDemo\ClassRecapDemo.csproj", "{47ADA4DA-F60A-464D-9FC9-B75D8675C535}"
EndProject
Project("{FAE04EC0-301F-11D3-BF4B-00C04F79EFBC}") = "Interfaces", "Interfaces\Interfaces.csproj", "{32469AAF-58A5-427C-BB8A-FE48C540738B}"
EndProject
Global
	GlobalSection(SolutionConfigurationPlatforms) = preSolution
		Debug|Any CPU = Debug|Any CPU
		Release|Any CPU = Release|Any CPU
	EndGlobalSection
	GlobalSection(ProjectConfigurationPlatforms) = postSolution
		{45092CB8-5451-4DAE-A69C-C9A7CA51394C}.Debug|Any CPU.ActiveCfg = Debug|Any CPU
		{45092CB8-5451-4DAE-A69C-C9A7CA51394C}.Debug|Any CPU.Build.0 = Debug|Any CPU
		{45092CB8-5451-4DAE-A69C-C9A7CA51394C}.Release|Any CPU.ActiveCfg = Release|Any CPU
		{45092CB8-5451-4DAE-A69C-C9A7CA51394C}.Release|Any CPU.Build.0 = Release|Any CPU
		{1F735786-AFAE-4017-B059-1B998E320B77}.Debug|Any CPU.ActiveCfg = Debug|Any CPU
		{1F735786-AFAE-4017-B059-1B998E320B77}.Debug|Any CPU.Build.0 = Debug|Any CPU
		{1F735786-AFAE-4017-B059-1B998E320B77}.Release|Any CPU.ActiveCfg = Release|Any CPU
		{1F735786-AFAE-4017-B059-1B998E320B77}.Release|Any CPU.Build.0 = Release|Any CPU
		{E8FEDC3B-4C1C-4ED9-896E-2E9C4FA90BB5}.Debug|Any CPU.ActiveCfg = Debug|Any CPU
		{E8FEDC3B-4C1C-4ED9-896E-2E9C4FA90BB5}.Debug|Any CPU.Build.0 = Debug|Any CPU
		{E8FEDC3B-4C1C-4ED9-896E-2E9C4FA90BB5}.Release|Any CPU.ActiveCfg = Release|Any CPU
		{E8FEDC3B-4C1C-4ED9-896E-2E9C4FA90BB5}.Release|Any CPU.Build.0 = Release|Any CPU
		{BADC793D-B5FB-4971-84A2-E69D4581D301}.Debug|Any CPU.ActiveCfg = Debug|Any CPU
		{BADC793D-B5FB-4971-84A2-E69D4581D301}.Debug|Any CPU.Build.0 = Debug|Any CPU
		{BADC793D-B5FB-4971-84A2-E69D4581D301}.Release|Any CPU.ActiveCfg = Release|Any CPU
		{BADC793D-B5FB-4971-84A2-E69D4581D301}.Release|Any CPU.Build.0 = Release|Any CPU
		{284A81C8-DE6A-4660-B04B-B12A6BE17DBA}.Debug|Any CPU.ActiveCfg = Debug|Any CPU
		{284A81C8-DE6A-4660-B04B-B12A6BE17DBA}.Debug|Any CPU.Build.0 = Debug|Any CPU
		{284A81C8-DE6A-4660-B04B-B12A6BE17DBA}.Release|Any CPU.ActiveCfg = Release|Any CPU
		{284A81C8-DE6A-4660-B04B-B12A6BE17DBA}.Release|Any CPU.Build.0 = Release|Any CPU
		{7B5B934D-5D61-43AA-B676-5B162E6A3250}.Debug|Any CPU.ActiveCfg = Debug|Any CPU
		{7B5B934D-5D61-43AA-B676-5B162E6A3250}.Debug|Any CPU.Build.0 = Debug|Any CPU
		{7B5B934D-5D61-43AA-B676-5B162E6A3250}.Release|Any CPU.ActiveCfg = Release|Any CPU
		{7B5B934D-5D61-43AA-B676-5B162E6A3250}.Release|Any CPU.Build.0 = Release|Any CPU
		{51C3C14F-3346-477C-842D-08E0FDEE7B88}.Debug|Any CPU.ActiveCfg = Debug|Any CPU
		{51C3C14F-3346-477C-842D-08E0FDEE7B88}.Debug|Any CPU.Build.0 = Debug|Any CPU
		{51C3C14F-3346-477C-842D-08E0FDEE7B88}.Release|Any CPU.ActiveCfg = Release|Any CPU
		{51C3C14F-3346-477C-842D-08E0FDEE7B88}.Release|Any CPU.Build.0 = Release|Any CPU
		{E0C43BA4-F09F-4C6F-9499-14869EF6DA79}.Debug|Any CPU.ActiveCfg = Debug|Any CPU
		{E0C43BA4-F09F-4C6F-9499-14869EF6DA79}.Debug|Any CPU.Build.0 = Debug|Any CPU
		{E0C43BA4-F09F-4C6F-9499-14869EF6DA79}.Release|Any CPU.ActiveCfg = Release|Any CPU
		{E0C43BA4-F09F-4C6F-9499-14869EF6DA79}.Release|Any CPU.Build.0 = Release|Any CPU
		{76BF97E3-77C1-48B1-819B-C46C00800F6A}.Debug|Any CPU.ActiveCfg = Debug|Any CPU
		{76BF97E3-77C1-48B1-819B-C46C00800F6A}.Debug|Any CPU.Build.0 = Debug|Any CPU
		{76BF97E3-77C1-48B1-819B-C46C00800F6A}.Release|Any CPU.ActiveCfg = Release|Any CPU
		{76BF97E3-77C1-48B1-819B-C46C00800F6A}.Release|Any CPU.Build.0 = Release|Any CPU
		{1A9F4E27-AB3F-4AD6-9162-1840B419DEE3}.Debug|Any CPU.ActiveCfg = Debug|Any CPU
		{1A9F4E27-AB3F-4AD6-9162-1840B419DEE3}.Debug|Any CPU.Build.0 = Debug|Any CPU
		{1A9F4E27-AB3F-4AD6-9162-1840B419DEE3}.Release|Any CPU.ActiveCfg = Release|Any CPU
		{1A9F4E27-AB3F-4AD6-9162-1840B419DEE3}.Release|Any CPU.Build.0 = Release|Any CPU
		{F60F8A28-0915-475F-81CC-15E745240594}.Debug|Any CPU.ActiveCfg = Debug|Any CPU
		{F60F8A28-0915-475F-81CC-15E745240594}.Debug|Any CPU.Build.0 = Debug|Any CPU
		{F60F8A28-0915-475F-81CC-15E745240594}.Release|Any CPU.ActiveCfg = Release|Any CPU
		{F60F8A28-0915-475F-81CC-15E745240594}.Release|Any CPU.Build.0 = Release|Any CPU
		{FAE3E283-7759-412F-9177-AC4C40006ED4}.Debug|Any CPU.ActiveCfg = Debug|Any CPU
		{FAE3E283-7759-412F-9177-AC4C40006ED4}.Debug|Any CPU.Build.0 = Debug|Any CPU
		{FAE3E283-7759-412F-9177-AC4C40006ED4}.Release|Any CPU.ActiveCfg = Release|Any CPU
		{FAE3E283-7759-412F-9177-AC4C40006ED4}.Release|Any CPU.Build.0 = Release|Any CPU
		{6620B9AB-E40D-4A85-ACAB-7258D4B17204}.Debug|Any CPU.ActiveCfg = Debug|Any CPU
		{6620B9AB-E40D-4A85-ACAB-7258D4B17204}.Debug|Any CPU.Build.0 = Debug|Any CPU
		{6620B9AB-E40D-4A85-ACAB-7258D4B17204}.Release|Any CPU.ActiveCfg = Release|Any CPU
		{6620B9AB-E40D-4A85-ACAB-7258D4B17204}.Release|Any CPU.Build.0 = Release|Any CPU
		{615B90A9-C813-4BC8-86C5-6EA2317C8F42}.Debug|Any CPU.ActiveCfg = Debug|Any CPU
		{615B90A9-C813-4BC8-86C5-6EA2317C8F42}.Debug|Any CPU.Build.0 = Debug|Any CPU
		{615B90A9-C813-4BC8-86C5-6EA2317C8F42}.Release|Any CPU.ActiveCfg = Release|Any CPU
		{615B90A9-C813-4BC8-86C5-6EA2317C8F42}.Release|Any CPU.Build.0 = Release|Any CPU
		{47ADA4DA-F60A-464D-9FC9-B75D8675C535}.Debug|Any CPU.ActiveCfg = Debug|Any CPU
		{47ADA4DA-F60A-464D-9FC9-B75D8675C535}.Debug|Any CPU.Build.0 = Debug|Any CPU
		{47ADA4DA-F60A-464D-9FC9-B75D8675C535}.Release|Any CPU.ActiveCfg = Release|Any CPU
		{47ADA4DA-F60A-464D-9FC9-B75D8675C535}.Release|Any CPU.Build.0 = Release|Any CPU
		{32469AAF-58A5-427C-BB8A-FE48C540738B}.Debug|Any CPU.ActiveCfg = Debug|Any CPU
		{32469AAF-58A5-427C-BB8A-FE48C540738B}.Debug|Any CPU.Build.0 = Debug|Any CPU
		{32469AAF-58A5-427C-BB8A-FE48C540738B}.Release|Any CPU.ActiveCfg = Release|Any CPU
		{32469AAF-58A5-427C-BB8A-FE48C540738B}.Release|Any CPU.Build.0 = Release|Any CPU
	EndGlobalSection
	GlobalSection(SolutionProperties) = preSolution
		HideSolutionNode = FALSE
	EndGlobalSection
	GlobalSection(ExtensibilityGlobals) = postSolution
		SolutionGuid = {75656141-A77E-4676-B5AD-083CF8D95D41}
	EndGlobalSection
EndGlobal
